// !$*UTF8*$!
{
	archiveVersion = 1;
	classes = {
	};
	objectVersion = 46;
	objects = {

/* Begin PBXBuildFile section */
		4186F1D91CDA97C500B74B50 /* AppDelegate.swift in Sources */ = {isa = PBXBuildFile; fileRef = 4186F1D81CDA97C500B74B50 /* AppDelegate.swift */; };
		4186F1DB1CDA97C500B74B50 /* ViewController.swift in Sources */ = {isa = PBXBuildFile; fileRef = 4186F1DA1CDA97C500B74B50 /* ViewController.swift */; };
		4186F1DE1CDA97C600B74B50 /* Main.storyboard in Resources */ = {isa = PBXBuildFile; fileRef = 4186F1DC1CDA97C600B74B50 /* Main.storyboard */; };
		4186F1E01CDA97C600B74B50 /* Images.xcassets in Resources */ = {isa = PBXBuildFile; fileRef = 4186F1DF1CDA97C600B74B50 /* Images.xcassets */; };
		4186F1E31CDA97C600B74B50 /* LaunchScreen.xib in Resources */ = {isa = PBXBuildFile; fileRef = 4186F1E11CDA97C600B74B50 /* LaunchScreen.xib */; };
		4186F1EF1CDA97C600B74B50 /* KindaCoolTests.swift in Sources */ = {isa = PBXBuildFile; fileRef = 4186F1EE1CDA97C600B74B50 /* KindaCoolTests.swift */; };
/* End PBXBuildFile section */

/* Begin PBXContainerItemProxy section */
		4186F1E91CDA97C600B74B50 /* PBXContainerItemProxy */ = {
			isa = PBXContainerItemProxy;
			containerPortal = 4186F1CB1CDA97C500B74B50 /* Project object */;
			proxyType = 1;
			remoteGlobalIDString = 4186F1D21CDA97C500B74B50;
			remoteInfo = KindaCool;
		};
/* End PBXContainerItemProxy section */

/* Begin PBXFileReference section */
		4186F1D31CDA97C500B74B50 /* KindaCool.app */ = {isa = PBXFileReference; explicitFileType = wrapper.application; includeInIndex = 0; path = KindaCool.app; sourceTree = BUILT_PRODUCTS_DIR; };
		4186F1D71CDA97C500B74B50 /* Info.plist */ = {isa = PBXFileReference; lastKnownFileType = text.plist.xml; path = Info.plist; sourceTree = "<group>"; };
		4186F1D81CDA97C500B74B50 /* AppDelegate.swift */ = {isa = PBXFileReference; lastKnownFileType = sourcecode.swift; path = AppDelegate.swift; sourceTree = "<group>"; };
		4186F1DA1CDA97C500B74B50 /* ViewController.swift */ = {isa = PBXFileReference; lastKnownFileType = sourcecode.swift; path = ViewController.swift; sourceTree = "<group>"; };
		4186F1DD1CDA97C600B74B50 /* Base */ = {isa = PBXFileReference; lastKnownFileType = file.storyboard; name = Base; path = Base.lproj/Main.storyboard; sourceTree = "<group>"; };
		4186F1DF1CDA97C600B74B50 /* Images.xcassets */ = {isa = PBXFileReference; lastKnownFileType = folder.assetcatalog; path = Images.xcassets; sourceTree = "<group>"; };
		4186F1E21CDA97C600B74B50 /* Base */ = {isa = PBXFileReference; lastKnownFileType = file.xib; name = Base; path = Base.lproj/LaunchScreen.xib; sourceTree = "<group>"; };
		4186F1E81CDA97C600B74B50 /* KindaCoolTests.xctest */ = {isa = PBXFileReference; explicitFileType = wrapper.cfbundle; includeInIndex = 0; path = KindaCoolTests.xctest; sourceTree = BUILT_PRODUCTS_DIR; };
		4186F1ED1CDA97C600B74B50 /* Info.plist */ = {isa = PBXFileReference; lastKnownFileType = text.plist.xml; path = Info.plist; sourceTree = "<group>"; };
		4186F1EE1CDA97C600B74B50 /* KindaCoolTests.swift */ = {isa = PBXFileReference; lastKnownFileType = sourcecode.swift; path = KindaCoolTests.swift; sourceTree = "<group>"; };
/* End PBXFileReference section */

/* Begin PBXFrameworksBuildPhase section */
		4186F1D01CDA97C500B74B50 /* Frameworks */ = {
			isa = PBXFrameworksBuildPhase;
			buildActionMask = 2147483647;
			files = (
			);
			runOnlyForDeploymentPostprocessing = 0;
		};
		4186F1E51CDA97C600B74B50 /* Frameworks */ = {
			isa = PBXFrameworksBuildPhase;
			buildActionMask = 2147483647;
			files = (
			);
			runOnlyForDeploymentPostprocessing = 0;
		};
/* End PBXFrameworksBuildPhase section */

/* Begin PBXGroup section */
		4186F1CA1CDA97C500B74B50 = {
			isa = PBXGroup;
			children = (
				4186F1D51CDA97C500B74B50 /* KindaCool */,
				4186F1EB1CDA97C600B74B50 /* KindaCoolTests */,
				4186F1D41CDA97C500B74B50 /* Products */,
			);
			sourceTree = "<group>";
		};
		4186F1D41CDA97C500B74B50 /* Products */ = {
			isa = PBXGroup;
			children = (
				4186F1D31CDA97C500B74B50 /* KindaCool.app */,
				4186F1E81CDA97C600B74B50 /* KindaCoolTests.xctest */,
			);
			name = Products;
			sourceTree = "<group>";
		};
		4186F1D51CDA97C500B74B50 /* KindaCool */ = {
			isa = PBXGroup;
			children = (
				4186F1D81CDA97C500B74B50 /* AppDelegate.swift */,
				4186F1DA1CDA97C500B74B50 /* ViewController.swift */,
				4186F1DC1CDA97C600B74B50 /* Main.storyboard */,
				4186F1DF1CDA97C600B74B50 /* Images.xcassets */,
				4186F1E11CDA97C600B74B50 /* LaunchScreen.xib */,
				4186F1D61CDA97C500B74B50 /* Supporting Files */,
			);
			path = KindaCool;
			sourceTree = "<group>";
		};
		4186F1D61CDA97C500B74B50 /* Supporting Files */ = {
			isa = PBXGroup;
			children = (
				4186F1D71CDA97C500B74B50 /* Info.plist */,
			);
			name = "Supporting Files";
			sourceTree = "<group>";
		};
		4186F1EB1CDA97C600B74B50 /* KindaCoolTests */ = {
			isa = PBXGroup;
			children = (
				4186F1EE1CDA97C600B74B50 /* KindaCoolTests.swift */,
				4186F1EC1CDA97C600B74B50 /* Supporting Files */,
			);
			path = KindaCoolTests;
			sourceTree = "<group>";
		};
		4186F1EC1CDA97C600B74B50 /* Supporting Files */ = {
			isa = PBXGroup;
			children = (
				4186F1ED1CDA97C600B74B50 /* Info.plist */,
			);
			name = "Supporting Files";
			sourceTree = "<group>";
		};
/* End PBXGroup section */

/* Begin PBXNativeTarget section */
		4186F1D21CDA97C500B74B50 /* KindaCool */ = {
			isa = PBXNativeTarget;
			buildConfigurationList = 4186F1F21CDA97C600B74B50 /* Build configuration list for PBXNativeTarget "KindaCool" */;
			buildPhases = (
				4186F1CF1CDA97C500B74B50 /* Sources */,
				4186F1D01CDA97C500B74B50 /* Frameworks */,
				4186F1D11CDA97C500B74B50 /* Resources */,
			);
			buildRules = (
			);
			dependencies = (
			);
			name = KindaCool;
			productName = KindaCool;
			productReference = 4186F1D31CDA97C500B74B50 /* KindaCool.app */;
			productType = "com.apple.product-type.application";
		};
		4186F1E71CDA97C600B74B50 /* KindaCoolTests */ = {
			isa = PBXNativeTarget;
			buildConfigurationList = 4186F1F51CDA97C600B74B50 /* Build configuration list for PBXNativeTarget "KindaCoolTests" */;
			buildPhases = (
				4186F1E41CDA97C600B74B50 /* Sources */,
				4186F1E51CDA97C600B74B50 /* Frameworks */,
				4186F1E61CDA97C600B74B50 /* Resources */,
			);
			buildRules = (
			);
			dependencies = (
				4186F1EA1CDA97C600B74B50 /* PBXTargetDependency */,
			);
			name = KindaCoolTests;
			productName = KindaCoolTests;
			productReference = 4186F1E81CDA97C600B74B50 /* KindaCoolTests.xctest */;
			productType = "com.apple.product-type.bundle.unit-test";
		};
/* End PBXNativeTarget section */

/* Begin PBXProject section */
		4186F1CB1CDA97C500B74B50 /* Project object */ = {
			isa = PBXProject;
			attributes = {
				LastUpgradeCheck = 0630;
				ORGANIZATIONNAME = stussy;
				TargetAttributes = {
					4186F1D21CDA97C500B74B50 = {
						CreatedOnToolsVersion = 6.3.2;
					};
					4186F1E71CDA97C600B74B50 = {
						CreatedOnToolsVersion = 6.3.2;
						TestTargetID = 4186F1D21CDA97C500B74B50;
					};
				};
			};
			buildConfigurationList = 4186F1CE1CDA97C500B74B50 /* Build configuration list for PBXProject "KindaCool" */;
			compatibilityVersion = "Xcode 3.2";
			developmentRegion = English;
			hasScannedForEncodings = 0;
			knownRegions = (
				en,
				Base,
			);
			mainGroup = 4186F1CA1CDA97C500B74B50;
			productRefGroup = 4186F1D41CDA97C500B74B50 /* Products */;
			projectDirPath = "";
			projectRoot = "";
			targets = (
				4186F1D21CDA97C500B74B50 /* KindaCool */,
				4186F1E71CDA97C600B74B50 /* KindaCoolTests */,
			);
		};
/* End PBXProject section */

/* Begin PBXResourcesBuildPhase section */
		4186F1D11CDA97C500B74B50 /* Resources */ = {
			isa = PBXResourcesBuildPhase;
			buildActionMask = 2147483647;
			files = (
				4186F1DE1CDA97C600B74B50 /* Main.storyboard in Resources */,
				4186F1E31CDA97C600B74B50 /* LaunchScreen.xib in Resources */,
				4186F1E01CDA97C600B74B50 /* Images.xcassets in Resources */,
			);
			runOnlyForDeploymentPostprocessing = 0;
		};
		4186F1E61CDA97C600B74B50 /* Resources */ = {
			isa = PBXResourcesBuildPhase;
			buildActionMask = 2147483647;
			files = (
			);
			runOnlyForDeploymentPostprocessing = 0;
		};
/* End PBXResourcesBuildPhase section */

/* Begin PBXSourcesBuildPhase section */
		4186F1CF1CDA97C500B74B50 /* Sources */ = {
			isa = PBXSourcesBuildPhase;
			buildActionMask = 2147483647;
			files = (
				4186F1DB1CDA97C500B74B50 /* ViewController.swift in Sources */,
				4186F1D91CDA97C500B74B50 /* AppDelegate.swift in Sources */,
			);
			runOnlyForDeploymentPostprocessing = 0;
		};
		4186F1E41CDA97C600B74B50 /* Sources */ = {
			isa = PBXSourcesBuildPhase;
			buildActionMask = 2147483647;
			files = (
				4186F1EF1CDA97C600B74B50 /* KindaCoolTests.swift in Sources */,
			);
			runOnlyForDeploymentPostprocessing = 0;
		};
/* End PBXSourcesBuildPhase section */

/* Begin PBXTargetDependency section */
		4186F1EA1CDA97C600B74B50 /* PBXTargetDependency */ = {
			isa = PBXTargetDependency;
			target = 4186F1D21CDA97C500B74B50 /* KindaCool */;
			targetProxy = 4186F1E91CDA97C600B74B50 /* PBXContainerItemProxy */;
		};
/* End PBXTargetDependency section */

/* Begin PBXVariantGroup section */
		4186F1DC1CDA97C600B74B50 /* Main.storyboard */ = {
			isa = PBXVariantGroup;
			children = (
				4186F1DD1CDA97C600B74B50 /* Base */,
			);
			name = Main.storyboard;
			sourceTree = "<group>";
		};
		4186F1E11CDA97C600B74B50 /* LaunchScreen.xib */ = {
			isa = PBXVariantGroup;
			children = (
				4186F1E21CDA97C600B74B50 /* Base */,
			);
			name = LaunchScreen.xib;
			sourceTree = "<group>";
		};
/* End PBXVariantGroup section */

/* Begin XCBuildConfiguration section */
		4186F1F01CDA97C600B74B50 /* Debug */ = {
			isa = XCBuildConfiguration;
			buildSettings = {
				ALWAYS_SEARCH_USER_PATHS = NO;
				CLANG_CXX_LANGUAGE_STANDARD = "gnu++0x";
				CLANG_CXX_LIBRARY = "libc++";
				CLANG_ENABLE_MODULES = YES;
				CLANG_ENABLE_OBJC_ARC = YES;
				CLANG_WARN_BOOL_CONVERSION = YES;
				CLANG_WARN_CONSTANT_CONVERSION = YES;
				CLANG_WARN_DIRECT_OBJC_ISA_USAGE = YES_ERROR;
				CLANG_WARN_EMPTY_BODY = YES;
				CLANG_WARN_ENUM_CONVERSION = YES;
				CLANG_WARN_INT_CONVERSION = YES;
				CLANG_WARN_OBJC_ROOT_CLASS = YES_ERROR;
				CLANG_WARN_UNREACHABLE_CODE = YES;
				CLANG_WARN__DUPLICATE_METHOD_MATCH = YES;
				"CODE_SIGN_IDENTITY[sdk=iphoneos*]" = "iPhone Developer";
				COPY_PHASE_STRIP = NO;
				DEBUG_INFORMATION_FORMAT = "dwarf-with-dsym";
				ENABLE_STRICT_OBJC_MSGSEND = YES;
				GCC_C_LANGUAGE_STANDARD = gnu99;
				GCC_DYNAMIC_NO_PIC = NO;
				GCC_NO_COMMON_BLOCKS = YES;
				GCC_OPTIMIZATION_LEVEL = 0;
				GCC_PREPROCESSOR_DEFINITIONS = (
					"DEBUG=1",
					"$(inherited)",
				);
				GCC_SYMBOLS_PRIVATE_EXTERN = NO;
				GCC_WARN_64_TO_32_BIT_CONVERSION = YES;
				GCC_WARN_ABOUT_RETURN_TYPE = YES_ERROR;
				GCC_WARN_UNDECLARED_SELECTOR = YES;
				GCC_WARN_UNINITIALIZED_AUTOS = YES_AGGRESSIVE;
				GCC_WARN_UNUSED_FUNCTION = YES;
				GCC_WARN_UNUSED_VARIABLE = YES;
				IPHONEOS_DEPLOYMENT_TARGET = 8.3;
				MTL_ENABLE_DEBUG_INFO = YES;
				ONLY_ACTIVE_ARCH = YES;
				SDKROOT = iphoneos;
				SWIFT_OPTIMIZATION_LEVEL = "-Onone";
			};
			name = Debug;
		};
		4186F1F11CDA97C600B74B50 /* Release */ = {
			isa = XCBuildConfiguration;
			buildSettings = {
				ALWAYS_SEARCH_USER_PATHS = NO;
				CLANG_CXX_LANGUAGE_STANDARD = "gnu++0x";
				CLANG_CXX_LIBRARY = "libc++";
				CLANG_ENABLE_MODULES = YES;
				CLANG_ENABLE_OBJC_ARC = YES;
				CLANG_WARN_BOOL_CONVERSION = YES;
				CLANG_WARN_CONSTANT_CONVERSION = YES;
				CLANG_WARN_DIRECT_OBJC_ISA_USAGE = YES_ERROR;
				CLANG_WARN_EMPTY_BODY = YES;
				CLANG_WARN_ENUM_CONVERSION = YES;
				CLANG_WARN_INT_CONVERSION = YES;
				CLANG_WARN_OBJC_ROOT_CLASS = YES_ERROR;
				CLANG_WARN_UNREACHABLE_CODE = YES;
				CLANG_WARN__DUPLICATE_METHOD_MATCH = YES;
				"CODE_SIGN_IDENTITY[sdk=iphoneos*]" = "iPhone Developer";
				COPY_PHASE_STRIP = NO;
				DEBUG_INFORMATION_FORMAT = "dwarf-with-dsym";
				ENABLE_NS_ASSERTIONS = NO;
				ENABLE_STRICT_OBJC_MSGSEND = YES;
				GCC_C_LANGUAGE_STANDARD = gnu99;
				GCC_NO_COMMON_BLOCKS = YES;
				GCC_WARN_64_TO_32_BIT_CONVERSION = YES;
				GCC_WARN_ABOUT_RETURN_TYPE = YES_ERROR;
				GCC_WARN_UNDECLARED_SELECTOR = YES;
				GCC_WARN_UNINITIALIZED_AUTOS = YES_AGGRESSIVE;
				GCC_WARN_UNUSED_FUNCTION = YES;
				GCC_WARN_UNUSED_VARIABLE = YES;
				IPHONEOS_DEPLOYMENT_TARGET = 8.3;
				MTL_ENABLE_DEBUG_INFO = NO;
				SDKROOT = iphoneos;
				VALIDATE_PRODUCT = YES;
			};
			name = Release;
		};
		4186F1F31CDA97C600B74B50 /* Debug */ = {
			isa = XCBuildConfiguration;
			buildSettings = {
				ASSETCATALOG_COMPILER_APPICON_NAME = AppIcon;
				INFOPLIST_FILE = KindaCool/Info.plist;
				LD_RUNPATH_SEARCH_PATHS = "$(inherited) @executable_path/Frameworks";
				PRODUCT_NAME = "$(TARGET_NAME)";
			};
			name = Debug;
		};
		4186F1F41CDA97C600B74B50 /* Release */ = {
			isa = XCBuildConfiguration;
			buildSettings = {
				ASSETCATALOG_COMPILER_APPICON_NAME = AppIcon;
				INFOPLIST_FILE = KindaCool/Info.plist;
				LD_RUNPATH_SEARCH_PATHS = "$(inherited) @executable_path/Frameworks";
				PRODUCT_NAME = "$(TARGET_NAME)";
			};
			name = Release;
		};
		4186F1F61CDA97C600B74B50 /* Debug */ = {
			isa = XCBuildConfiguration;
			buildSettings = {
				BUNDLE_LOADER = "$(TEST_HOST)";
				FRAMEWORK_SEARCH_PATHS = (
					"$(SDKROOT)/Developer/Library/Frameworks",
					"$(inherited)",
				);
				GCC_PREPROCESSOR_DEFINITIONS = (
					"DEBUG=1",
					"$(inherited)",
				);
				INFOPLIST_FILE = KindaCoolTests/Info.plist;
				LD_RUNPATH_SEARCH_PATHS = "$(inherited) @executable_path/Frameworks @loader_path/Frameworks";
				PRODUCT_NAME = "$(TARGET_NAME)";
				TEST_HOST = "$(BUILT_PRODUCTS_DIR)/KindaCool.app/KindaCool";
			};
			name = Debug;
		};
		4186F1F71CDA97C600B74B50 /* Release */ = {
			isa = XCBuildConfiguration;
			buildSettings = {
				BUNDLE_LOADER = "$(TEST_HOST)";
				FRAMEWORK_SEARCH_PATHS = (
					"$(SDKROOT)/Developer/Library/Frameworks",
					"$(inherited)",
				);
				INFOPLIST_FILE = KindaCoolTests/Info.plist;
				LD_RUNPATH_SEARCH_PATHS = "$(inherited) @executable_path/Frameworks @loader_path/Frameworks";
				PRODUCT_NAME = "$(TARGET_NAME)";
				TEST_HOST = "$(BUILT_PRODUCTS_DIR)/KindaCool.app/KindaCool";
			};
			name = Release;
		};
/* End XCBuildConfiguration section */

/* Begin XCConfigurationList section */
		4186F1CE1CDA97C500B74B50 /* Build configuration list for PBXProject "KindaCool" */ = {
			isa = XCConfigurationList;
			buildConfigurations = (
				4186F1F01CDA97C600B74B50 /* Debug */,
				4186F1F11CDA97C600B74B50 /* Release */,
			);
			defaultConfigurationIsVisible = 0;
			defaultConfigurationName = Release;
		};
		4186F1F21CDA97C600B74B50 /* Build configuration list for PBXNativeTarget "KindaCool" */ = {
			isa = XCConfigurationList;
			buildConfigurations = (
				4186F1F31CDA97C600B74B50 /* Debug */,
				4186F1F41CDA97C600B74B50 /* Release */,
			);
			defaultConfigurationIsVisible = 0;
		};
		4186F1F51CDA97C600B74B50 /* Build configuration list for PBXNativeTarget "KindaCoolTests" */ = {
			isa = XCConfigurationList;
			buildConfigurations = (
				4186F1F61CDA97C600B74B50 /* Debug */,
				4186F1F71CDA97C600B74B50 /* Release */,
			);
			defaultConfigurationIsVisible = 0;
		};
/* End XCConfigurationList section */
	};
	rootObject = 4186F1CB1CDA97C500B74B50 /* Project object */;
}
